// !$*UTF8*$!
{
	archiveVersion = 1;
	classes = {
	};
	objectVersion = 55;
	objects = {

/* Begin PBXBuildFile section */
		A21EDDCC28D0B652006573A4 /* AppDelegate.swift in Sources */ = {isa = PBXBuildFile; fileRef = A21EDDCB28D0B652006573A4 /* AppDelegate.swift */; };
		A21EDDCE28D0B652006573A4 /* SceneDelegate.swift in Sources */ = {isa = PBXBuildFile; fileRef = A21EDDCD28D0B652006573A4 /* SceneDelegate.swift */; };
		A21EDDD028D0B652006573A4 /* ViewController.swift in Sources */ = {isa = PBXBuildFile; fileRef = A21EDDCF28D0B652006573A4 /* ViewController.swift */; };
		A21EDDD328D0B652006573A4 /* Main.storyboard in Resources */ = {isa = PBXBuildFile; fileRef = A21EDDD128D0B652006573A4 /* Main.storyboard */; };
		A21EDDD528D0B655006573A4 /* Assets.xcassets in Resources */ = {isa = PBXBuildFile; fileRef = A21EDDD428D0B655006573A4 /* Assets.xcassets */; };
		A21EDDD828D0B655006573A4 /* LaunchScreen.storyboard in Resources */ = {isa = PBXBuildFile; fileRef = A21EDDD628D0B655006573A4 /* LaunchScreen.storyboard */; };
		A23716CB28E0A144004E9FE6 /* TaraeDetailViewController.swift in Sources */ = {isa = PBXBuildFile; fileRef = A23716CA28E0A144004E9FE6 /* TaraeDetailViewController.swift */; };
		A23716CD28E0A193004E9FE6 /* TaraeDetailView.swift in Sources */ = {isa = PBXBuildFile; fileRef = A23716CC28E0A193004E9FE6 /* TaraeDetailView.swift */; };
		A289FCA628D8CE26008046D1 /* UserPlayRepository.swift in Sources */ = {isa = PBXBuildFile; fileRef = A289FCA528D8CE26008046D1 /* UserPlayRepository.swift */; };
		A289FCA828D956DF008046D1 /* .swiftlint.yml in Resources */ = {isa = PBXBuildFile; fileRef = A289FCA728D956DF008046D1 /* .swiftlint.yml */; };
		A289FCAB28DACCEF008046D1 /* setFonts.swift in Sources */ = {isa = PBXBuildFile; fileRef = A289FCAA28DACCEF008046D1 /* setFonts.swift */; };
		A289FCB228DAD689008046D1 /* SCDream2.otf in Resources */ = {isa = PBXBuildFile; fileRef = A289FCAD28DAD689008046D1 /* SCDream2.otf */; };
		A289FCB328DAD689008046D1 /* SCDream5.otf in Resources */ = {isa = PBXBuildFile; fileRef = A289FCAE28DAD689008046D1 /* SCDream5.otf */; };
		A289FCB428DAD689008046D1 /* SCDream9.otf in Resources */ = {isa = PBXBuildFile; fileRef = A289FCAF28DAD689008046D1 /* SCDream9.otf */; };
		A289FCB528DAD689008046D1 /* SCDream7.otf in Resources */ = {isa = PBXBuildFile; fileRef = A289FCB028DAD689008046D1 /* SCDream7.otf */; };
		A289FCB628DAD689008046D1 /* SCDream4.otf in Resources */ = {isa = PBXBuildFile; fileRef = A289FCB128DAD689008046D1 /* SCDream4.otf */; };
		A289FCB928DB5E7E008046D1 /* BaseView.swift in Sources */ = {isa = PBXBuildFile; fileRef = A289FCB828DB5E7E008046D1 /* BaseView.swift */; };
		A289FCBB28DB5EC5008046D1 /* BaseViewController.swift in Sources */ = {isa = PBXBuildFile; fileRef = A289FCBA28DB5EC5008046D1 /* BaseViewController.swift */; };
		A289FCBE28DB65D4008046D1 /* SearchPlayViewController.swift in Sources */ = {isa = PBXBuildFile; fileRef = A289FCBD28DB65D4008046D1 /* SearchPlayViewController.swift */; };
		A289FCC128DB65ED008046D1 /* SearchPlayView.swift in Sources */ = {isa = PBXBuildFile; fileRef = A289FCC028DB65ED008046D1 /* SearchPlayView.swift */; };
		A28A5F6A28D2ECEC00D270E9 /* Localizable.strings in Resources */ = {isa = PBXBuildFile; fileRef = A28A5F6C28D2ECEC00D270E9 /* Localizable.strings */; };
		A28A5F6F28D2ED1900D270E9 /* InfoPlist.strings in Resources */ = {isa = PBXBuildFile; fileRef = A28A5F7128D2ED1900D270E9 /* InfoPlist.strings */; };
		A28A5F7428D3F6A000D270E9 /* SnapKit in Frameworks */ = {isa = PBXBuildFile; productRef = A28A5F7328D3F6A000D270E9 /* SnapKit */; };
		A28A5F7728D3F6AC00D270E9 /* Then in Frameworks */ = {isa = PBXBuildFile; productRef = A28A5F7628D3F6AC00D270E9 /* Then */; };
		A28A5F7A28D3F6BC00D270E9 /* FSCalendar in Frameworks */ = {isa = PBXBuildFile; productRef = A28A5F7928D3F6BC00D270E9 /* FSCalendar */; };
		A28A5F7E28D3F94D00D270E9 /* .gitignore in Resources */ = {isa = PBXBuildFile; fileRef = A28A5F7D28D3F94D00D270E9 /* .gitignore */; };
		A2B0343528D6FA410066AE2D /* KOPISAPIManager.swift in Sources */ = {isa = PBXBuildFile; fileRef = A2B0343428D6FA410066AE2D /* KOPISAPIManager.swift */; };
		A2B0343728D6FBDA0066AE2D /* Keys.swift in Sources */ = {isa = PBXBuildFile; fileRef = A2B0343628D6FBDA0066AE2D /* Keys.swift */; };
		A2B0343928D6FC1E0066AE2D /* EndPoints.swift in Sources */ = {isa = PBXBuildFile; fileRef = A2B0343828D6FC1E0066AE2D /* EndPoints.swift */; };
		A2B0343C28D7051F0066AE2D /* Alamofire in Frameworks */ = {isa = PBXBuildFile; productRef = A2B0343B28D7051F0066AE2D /* Alamofire */; };
		A2B0343F28D7059E0066AE2D /* Realm in Frameworks */ = {isa = PBXBuildFile; productRef = A2B0343E28D7059E0066AE2D /* Realm */; };
		A2B0344128D7059E0066AE2D /* RealmSwift in Frameworks */ = {isa = PBXBuildFile; productRef = A2B0344028D7059E0066AE2D /* RealmSwift */; };
		A2B0344428D73BD60066AE2D /* SWXMLHash in Frameworks */ = {isa = PBXBuildFile; productRef = A2B0344328D73BD60066AE2D /* SWXMLHash */; };
		A2B0344628D77DC90066AE2D /* PlayModel.swift in Sources */ = {isa = PBXBuildFile; fileRef = A2B0344528D77DC90066AE2D /* PlayModel.swift */; };
		A2B0344928D796840066AE2D /* UserPlayModel.swift in Sources */ = {isa = PBXBuildFile; fileRef = A2B0344828D796840066AE2D /* UserPlayModel.swift */; };
		A2C2635528DBBCFC00DCF778 /* SearchPlayResultTableViewCell.swift in Sources */ = {isa = PBXBuildFile; fileRef = A2C2635428DBBCFC00DCF778 /* SearchPlayResultTableViewCell.swift */; };
		A2C2635B28DBC9AD00DCF778 /* Kingfisher in Frameworks */ = {isa = PBXBuildFile; productRef = A2C2635A28DBC9AD00DCF778 /* Kingfisher */; };
		A2C2635D28DBD22700DCF778 /* AddPlayInfoTableViewCell.swift in Sources */ = {isa = PBXBuildFile; fileRef = A2C2635C28DBD22700DCF778 /* AddPlayInfoTableViewCell.swift */; };
		A2C2636328DBECDC00DCF778 /* String+Extension.swift in Sources */ = {isa = PBXBuildFile; fileRef = A2C2636228DBECDC00DCF778 /* String+Extension.swift */; };
		A2C2636528DCC9EB00DCF778 /* FirstSearchPlayTableViewCell.swift in Sources */ = {isa = PBXBuildFile; fileRef = A2C2636428DCC9EB00DCF778 /* FirstSearchPlayTableViewCell.swift */; };
		A2C2636728DCCCF800DCF778 /* NoSearchResultTableViewCell.swift in Sources */ = {isa = PBXBuildFile; fileRef = A2C2636628DCCCF800DCF778 /* NoSearchResultTableViewCell.swift */; };
		A2C2636C28DD017700DCF778 /* AddWatchedViewController.swift in Sources */ = {isa = PBXBuildFile; fileRef = A2C2636B28DD017700DCF778 /* AddWatchedViewController.swift */; };
		A2C2636E28DD018900DCF778 /* AddWatchedView.swift in Sources */ = {isa = PBXBuildFile; fileRef = A2C2636D28DD018900DCF778 /* AddWatchedView.swift */; };
		A2C2637028DD076500DCF778 /* WatchedPosterGenreTitleTableViewCell.swift in Sources */ = {isa = PBXBuildFile; fileRef = A2C2636F28DD076500DCF778 /* WatchedPosterGenreTitleTableViewCell.swift */; };
		A2C2637228DD0CE400DCF778 /* WatchedTextFieldTableViewCell.swift in Sources */ = {isa = PBXBuildFile; fileRef = A2C2637128DD0CE400DCF778 /* WatchedTextFieldTableViewCell.swift */; };
		A2C2637428DD17F000DCF778 /* WatchedTagsTableViewCell.swift in Sources */ = {isa = PBXBuildFile; fileRef = A2C2637328DD17F000DCF778 /* WatchedTagsTableViewCell.swift */; };
		A2C2637628DD1B5900DCF778 /* TagCollectionViewCell.swift in Sources */ = {isa = PBXBuildFile; fileRef = A2C2637528DD1B5900DCF778 /* TagCollectionViewCell.swift */; };
		A2C2637928DD2EB700DCF778 /* TaraeViewController.swift in Sources */ = {isa = PBXBuildFile; fileRef = A2C2637828DD2EB700DCF778 /* TaraeViewController.swift */; };
		A2C2637B28DD2ECB00DCF778 /* TaraeView.swift in Sources */ = {isa = PBXBuildFile; fileRef = A2C2637A28DD2ECB00DCF778 /* TaraeView.swift */; };
		A2C2637D28DD318E00DCF778 /* NoReviewTableViewCell.swift in Sources */ = {isa = PBXBuildFile; fileRef = A2C2637C28DD318E00DCF778 /* NoReviewTableViewCell.swift */; };
		A2C2637F28DD35B000DCF778 /* TaraeReviewTableViewCell.swift in Sources */ = {isa = PBXBuildFile; fileRef = A2C2637E28DD35B000DCF778 /* TaraeReviewTableViewCell.swift */; };
		A2C2638328DD6AF300DCF778 /* OnboardingViewController.swift in Sources */ = {isa = PBXBuildFile; fileRef = A2C2638228DD6AF300DCF778 /* OnboardingViewController.swift */; };
		A2C2638528DD6B0800DCF778 /* OnboardingView.swift in Sources */ = {isa = PBXBuildFile; fileRef = A2C2638428DD6B0800DCF778 /* OnboardingView.swift */; };
		A2C2638728DD727500DCF778 /* OnboardingCollectionViewCell.swift in Sources */ = {isa = PBXBuildFile; fileRef = A2C2638628DD727500DCF778 /* OnboardingCollectionViewCell.swift */; };
		A2C2638928DD73AD00DCF778 /* OnboardingMessage.swift in Sources */ = {isa = PBXBuildFile; fileRef = A2C2638828DD73AD00DCF778 /* OnboardingMessage.swift */; };
		D80C0742B1505AB363E00A17 /* Pods_YeonMuLog.framework in Frameworks */ = {isa = PBXBuildFile; fileRef = C815EC606F5FDDC870D9410B /* Pods_YeonMuLog.framework */; };
/* End PBXBuildFile section */

/* Begin PBXFileReference section */
		10DC435B6D8EBFA9F85295A2 /* Pods-YeonMuLog.release.xcconfig */ = {isa = PBXFileReference; includeInIndex = 1; lastKnownFileType = text.xcconfig; name = "Pods-YeonMuLog.release.xcconfig"; path = "Target Support Files/Pods-YeonMuLog/Pods-YeonMuLog.release.xcconfig"; sourceTree = "<group>"; };
		23A237B3F26D34579F01CCEB /* Pods-YeonMuLog.debug.xcconfig */ = {isa = PBXFileReference; includeInIndex = 1; lastKnownFileType = text.xcconfig; name = "Pods-YeonMuLog.debug.xcconfig"; path = "Target Support Files/Pods-YeonMuLog/Pods-YeonMuLog.debug.xcconfig"; sourceTree = "<group>"; };
		A21EDDC828D0B652006573A4 /* YeonMuLog.app */ = {isa = PBXFileReference; explicitFileType = wrapper.application; includeInIndex = 0; path = YeonMuLog.app; sourceTree = BUILT_PRODUCTS_DIR; };
		A21EDDCB28D0B652006573A4 /* AppDelegate.swift */ = {isa = PBXFileReference; lastKnownFileType = sourcecode.swift; path = AppDelegate.swift; sourceTree = "<group>"; };
		A21EDDCD28D0B652006573A4 /* SceneDelegate.swift */ = {isa = PBXFileReference; lastKnownFileType = sourcecode.swift; path = SceneDelegate.swift; sourceTree = "<group>"; };
		A21EDDCF28D0B652006573A4 /* ViewController.swift */ = {isa = PBXFileReference; lastKnownFileType = sourcecode.swift; path = ViewController.swift; sourceTree = "<group>"; };
		A21EDDD228D0B652006573A4 /* Base */ = {isa = PBXFileReference; lastKnownFileType = file.storyboard; name = Base; path = Base.lproj/Main.storyboard; sourceTree = "<group>"; };
		A21EDDD428D0B655006573A4 /* Assets.xcassets */ = {isa = PBXFileReference; lastKnownFileType = folder.assetcatalog; path = Assets.xcassets; sourceTree = "<group>"; };
		A21EDDD728D0B655006573A4 /* Base */ = {isa = PBXFileReference; lastKnownFileType = file.storyboard; name = Base; path = Base.lproj/LaunchScreen.storyboard; sourceTree = "<group>"; };
		A21EDDD928D0B655006573A4 /* Info.plist */ = {isa = PBXFileReference; lastKnownFileType = text.plist.xml; path = Info.plist; sourceTree = "<group>"; };
		A23716CA28E0A144004E9FE6 /* TaraeDetailViewController.swift */ = {isa = PBXFileReference; lastKnownFileType = sourcecode.swift; path = TaraeDetailViewController.swift; sourceTree = "<group>"; };
		A23716CC28E0A193004E9FE6 /* TaraeDetailView.swift */ = {isa = PBXFileReference; lastKnownFileType = sourcecode.swift; path = TaraeDetailView.swift; sourceTree = "<group>"; };
		A289FCA528D8CE26008046D1 /* UserPlayRepository.swift */ = {isa = PBXFileReference; lastKnownFileType = sourcecode.swift; path = UserPlayRepository.swift; sourceTree = "<group>"; };
		A289FCA728D956DF008046D1 /* .swiftlint.yml */ = {isa = PBXFileReference; lastKnownFileType = text.yaml; path = .swiftlint.yml; sourceTree = "<group>"; };
		A289FCAA28DACCEF008046D1 /* setFonts.swift */ = {isa = PBXFileReference; lastKnownFileType = sourcecode.swift; path = setFonts.swift; sourceTree = "<group>"; };
		A289FCAD28DAD689008046D1 /* SCDream2.otf */ = {isa = PBXFileReference; lastKnownFileType = file; path = SCDream2.otf; sourceTree = "<group>"; };
		A289FCAE28DAD689008046D1 /* SCDream5.otf */ = {isa = PBXFileReference; lastKnownFileType = file; path = SCDream5.otf; sourceTree = "<group>"; };
		A289FCAF28DAD689008046D1 /* SCDream9.otf */ = {isa = PBXFileReference; lastKnownFileType = file; path = SCDream9.otf; sourceTree = "<group>"; };
		A289FCB028DAD689008046D1 /* SCDream7.otf */ = {isa = PBXFileReference; lastKnownFileType = file; path = SCDream7.otf; sourceTree = "<group>"; };
		A289FCB128DAD689008046D1 /* SCDream4.otf */ = {isa = PBXFileReference; lastKnownFileType = file; path = SCDream4.otf; sourceTree = "<group>"; };
		A289FCB828DB5E7E008046D1 /* BaseView.swift */ = {isa = PBXFileReference; lastKnownFileType = sourcecode.swift; path = BaseView.swift; sourceTree = "<group>"; };
		A289FCBA28DB5EC5008046D1 /* BaseViewController.swift */ = {isa = PBXFileReference; lastKnownFileType = sourcecode.swift; path = BaseViewController.swift; sourceTree = "<group>"; };
		A289FCBD28DB65D4008046D1 /* SearchPlayViewController.swift */ = {isa = PBXFileReference; lastKnownFileType = sourcecode.swift; path = SearchPlayViewController.swift; sourceTree = "<group>"; };
		A289FCC028DB65ED008046D1 /* SearchPlayView.swift */ = {isa = PBXFileReference; lastKnownFileType = sourcecode.swift; path = SearchPlayView.swift; sourceTree = "<group>"; };
		A28A5F6728D2ECCB00D270E9 /* ko */ = {isa = PBXFileReference; lastKnownFileType = text.plist.strings; name = ko; path = ko.lproj/Main.strings; sourceTree = "<group>"; };
		A28A5F6B28D2ECEC00D270E9 /* ko */ = {isa = PBXFileReference; lastKnownFileType = text.plist.strings; name = ko; path = ko.lproj/Localizable.strings; sourceTree = "<group>"; };
		A28A5F7028D2ED1900D270E9 /* ko */ = {isa = PBXFileReference; lastKnownFileType = text.plist.strings; name = ko; path = ko.lproj/InfoPlist.strings; sourceTree = "<group>"; };
		A28A5F7D28D3F94D00D270E9 /* .gitignore */ = {isa = PBXFileReference; lastKnownFileType = text; path = .gitignore; sourceTree = "<group>"; };
		A2B0343428D6FA410066AE2D /* KOPISAPIManager.swift */ = {isa = PBXFileReference; lastKnownFileType = sourcecode.swift; path = KOPISAPIManager.swift; sourceTree = "<group>"; };
		A2B0343628D6FBDA0066AE2D /* Keys.swift */ = {isa = PBXFileReference; lastKnownFileType = sourcecode.swift; path = Keys.swift; sourceTree = "<group>"; };
		A2B0343828D6FC1E0066AE2D /* EndPoints.swift */ = {isa = PBXFileReference; lastKnownFileType = sourcecode.swift; path = EndPoints.swift; sourceTree = "<group>"; };
		A2B0344528D77DC90066AE2D /* PlayModel.swift */ = {isa = PBXFileReference; lastKnownFileType = sourcecode.swift; path = PlayModel.swift; sourceTree = "<group>"; };
		A2B0344828D796840066AE2D /* UserPlayModel.swift */ = {isa = PBXFileReference; lastKnownFileType = sourcecode.swift; path = UserPlayModel.swift; sourceTree = "<group>"; };
		A2C2635428DBBCFC00DCF778 /* SearchPlayResultTableViewCell.swift */ = {isa = PBXFileReference; lastKnownFileType = sourcecode.swift; path = SearchPlayResultTableViewCell.swift; sourceTree = "<group>"; };
		A2C2635C28DBD22700DCF778 /* AddPlayInfoTableViewCell.swift */ = {isa = PBXFileReference; lastKnownFileType = sourcecode.swift; path = AddPlayInfoTableViewCell.swift; sourceTree = "<group>"; };
		A2C2636228DBECDC00DCF778 /* String+Extension.swift */ = {isa = PBXFileReference; lastKnownFileType = sourcecode.swift; path = "String+Extension.swift"; sourceTree = "<group>"; };
		A2C2636428DCC9EB00DCF778 /* FirstSearchPlayTableViewCell.swift */ = {isa = PBXFileReference; lastKnownFileType = sourcecode.swift; path = FirstSearchPlayTableViewCell.swift; sourceTree = "<group>"; };
		A2C2636628DCCCF800DCF778 /* NoSearchResultTableViewCell.swift */ = {isa = PBXFileReference; lastKnownFileType = sourcecode.swift; path = NoSearchResultTableViewCell.swift; sourceTree = "<group>"; };
		A2C2636928DCD37300DCF778 /* ko */ = {isa = PBXFileReference; lastKnownFileType = text.plist.strings; name = ko; path = ko.lproj/LaunchScreen.strings; sourceTree = "<group>"; };
		A2C2636B28DD017700DCF778 /* AddWatchedViewController.swift */ = {isa = PBXFileReference; lastKnownFileType = sourcecode.swift; path = AddWatchedViewController.swift; sourceTree = "<group>"; };
		A2C2636D28DD018900DCF778 /* AddWatchedView.swift */ = {isa = PBXFileReference; lastKnownFileType = sourcecode.swift; path = AddWatchedView.swift; sourceTree = "<group>"; };
		A2C2636F28DD076500DCF778 /* WatchedPosterGenreTitleTableViewCell.swift */ = {isa = PBXFileReference; lastKnownFileType = sourcecode.swift; path = WatchedPosterGenreTitleTableViewCell.swift; sourceTree = "<group>"; };
		A2C2637128DD0CE400DCF778 /* WatchedTextFieldTableViewCell.swift */ = {isa = PBXFileReference; lastKnownFileType = sourcecode.swift; path = WatchedTextFieldTableViewCell.swift; sourceTree = "<group>"; };
		A2C2637328DD17F000DCF778 /* WatchedTagsTableViewCell.swift */ = {isa = PBXFileReference; lastKnownFileType = sourcecode.swift; path = WatchedTagsTableViewCell.swift; sourceTree = "<group>"; };
		A2C2637528DD1B5900DCF778 /* TagCollectionViewCell.swift */ = {isa = PBXFileReference; lastKnownFileType = sourcecode.swift; path = TagCollectionViewCell.swift; sourceTree = "<group>"; };
		A2C2637828DD2EB700DCF778 /* TaraeViewController.swift */ = {isa = PBXFileReference; lastKnownFileType = sourcecode.swift; path = TaraeViewController.swift; sourceTree = "<group>"; };
		A2C2637A28DD2ECB00DCF778 /* TaraeView.swift */ = {isa = PBXFileReference; lastKnownFileType = sourcecode.swift; path = TaraeView.swift; sourceTree = "<group>"; };
		A2C2637C28DD318E00DCF778 /* NoReviewTableViewCell.swift */ = {isa = PBXFileReference; lastKnownFileType = sourcecode.swift; path = NoReviewTableViewCell.swift; sourceTree = "<group>"; };
		A2C2637E28DD35B000DCF778 /* TaraeReviewTableViewCell.swift */ = {isa = PBXFileReference; lastKnownFileType = sourcecode.swift; path = TaraeReviewTableViewCell.swift; sourceTree = "<group>"; };
		A2C2638228DD6AF300DCF778 /* OnboardingViewController.swift */ = {isa = PBXFileReference; lastKnownFileType = sourcecode.swift; path = OnboardingViewController.swift; sourceTree = "<group>"; };
		A2C2638428DD6B0800DCF778 /* OnboardingView.swift */ = {isa = PBXFileReference; lastKnownFileType = sourcecode.swift; path = OnboardingView.swift; sourceTree = "<group>"; };
		A2C2638628DD727500DCF778 /* OnboardingCollectionViewCell.swift */ = {isa = PBXFileReference; lastKnownFileType = sourcecode.swift; path = OnboardingCollectionViewCell.swift; sourceTree = "<group>"; };
		A2C2638828DD73AD00DCF778 /* OnboardingMessage.swift */ = {isa = PBXFileReference; lastKnownFileType = sourcecode.swift; path = OnboardingMessage.swift; sourceTree = "<group>"; };
		C815EC606F5FDDC870D9410B /* Pods_YeonMuLog.framework */ = {isa = PBXFileReference; explicitFileType = wrapper.framework; includeInIndex = 0; path = Pods_YeonMuLog.framework; sourceTree = BUILT_PRODUCTS_DIR; };
/* End PBXFileReference section */

/* Begin PBXFrameworksBuildPhase section */
		A21EDDC528D0B652006573A4 /* Frameworks */ = {
			isa = PBXFrameworksBuildPhase;
			buildActionMask = 2147483647;
			files = (
				A2B0344428D73BD60066AE2D /* SWXMLHash in Frameworks */,
				A2B0343F28D7059E0066AE2D /* Realm in Frameworks */,
				A2B0343C28D7051F0066AE2D /* Alamofire in Frameworks */,
				A2C2635B28DBC9AD00DCF778 /* Kingfisher in Frameworks */,
				A2B0344128D7059E0066AE2D /* RealmSwift in Frameworks */,
				A28A5F7428D3F6A000D270E9 /* SnapKit in Frameworks */,
				A28A5F7A28D3F6BC00D270E9 /* FSCalendar in Frameworks */,
				A28A5F7728D3F6AC00D270E9 /* Then in Frameworks */,
				D80C0742B1505AB363E00A17 /* Pods_YeonMuLog.framework in Frameworks */,
			);
			runOnlyForDeploymentPostprocessing = 0;
		};
/* End PBXFrameworksBuildPhase section */

/* Begin PBXGroup section */
		A21EDDBF28D0B652006573A4 = {
			isa = PBXGroup;
			children = (
				A289FCA728D956DF008046D1 /* .swiftlint.yml */,
				A28A5F7D28D3F94D00D270E9 /* .gitignore */,
				A21EDDCA28D0B652006573A4 /* YeonMuLog */,
				A21EDDC928D0B652006573A4 /* Products */,
				FE16E86CC0BF9D11BA533AF5 /* Pods */,
				E0FE80BA029746BB9C2FAA39 /* Frameworks */,
			);
			sourceTree = "<group>";
		};
		A21EDDC928D0B652006573A4 /* Products */ = {
			isa = PBXGroup;
			children = (
				A21EDDC828D0B652006573A4 /* YeonMuLog.app */,
			);
			name = Products;
			sourceTree = "<group>";
		};
		A21EDDCA28D0B652006573A4 /* YeonMuLog */ = {
			isa = PBXGroup;
			children = (
				A21EDDE128D24A13006573A4 /* App */,
				A21EDDE228D24A2A006573A4 /* Global */,
				A2B0343228D6F97A0066AE2D /* Data */,
				A21EDDE528D24A7F006573A4 /* Presentations */,
				A21EDDD928D0B655006573A4 /* Info.plist */,
				A289FCA928DACCD6008046D1 /* Utils */,
			);
			path = YeonMuLog;
			sourceTree = "<group>";
		};
		A21EDDE128D24A13006573A4 /* App */ = {
			isa = PBXGroup;
			children = (
				A21EDDCB28D0B652006573A4 /* AppDelegate.swift */,
				A21EDDCD28D0B652006573A4 /* SceneDelegate.swift */,
			);
			path = App;
			sourceTree = "<group>";
		};
		A21EDDE228D24A2A006573A4 /* Global */ = {
			isa = PBXGroup;
			children = (
				A2C2636128DBECD000DCF778 /* Extension */,
				A28A5F5F28D2E9F200D270E9 /* Literal */,
				A21EDDE328D24A3D006573A4 /* Resources */,
				A21EDDE428D24A52006573A4 /* Supports */,
			);
			path = Global;
			sourceTree = "<group>";
		};
		A21EDDE328D24A3D006573A4 /* Resources */ = {
			isa = PBXGroup;
			children = (
				A289FCAC28DAD555008046D1 /* Fonts */,
				A21EDDD428D0B655006573A4 /* Assets.xcassets */,
			);
			path = Resources;
			sourceTree = "<group>";
		};
		A21EDDE428D24A52006573A4 /* Supports */ = {
			isa = PBXGroup;
			children = (
				A21EDDD628D0B655006573A4 /* LaunchScreen.storyboard */,
			);
			path = Supports;
			sourceTree = "<group>";
		};
		A21EDDE528D24A7F006573A4 /* Presentations */ = {
			isa = PBXGroup;
			children = (
				A2C2638028DD6AC800DCF778 /* Onboarding */,
				A23716C928E0A0F4004E9FE6 /* TaraeDetail */,
				A2C2637728DD2EA200DCF778 /* Tarae */,
				A2C2636A28DCD6B800DCF778 /* AddWatched */,
				A289FCBC28DB65BD008046D1 /* SearchPlay */,
				A289FCB728DB5E64008046D1 /* Base */,
				A21EDDCF28D0B652006573A4 /* ViewController.swift */,
				A21EDDD128D0B652006573A4 /* Main.storyboard */,
			);
			path = Presentations;
			sourceTree = "<group>";
		};
		A23716C928E0A0F4004E9FE6 /* TaraeDetail */ = {
			isa = PBXGroup;
			children = (
				A23716CA28E0A144004E9FE6 /* TaraeDetailViewController.swift */,
				A23716CC28E0A193004E9FE6 /* TaraeDetailView.swift */,
			);
			path = TaraeDetail;
			sourceTree = "<group>";
		};
		A289FCA928DACCD6008046D1 /* Utils */ = {
			isa = PBXGroup;
			children = (
				A289FCAA28DACCEF008046D1 /* setFonts.swift */,
			);
			path = Utils;
			sourceTree = "<group>";
		};
		A289FCAC28DAD555008046D1 /* Fonts */ = {
			isa = PBXGroup;
			children = (
				A289FCAD28DAD689008046D1 /* SCDream2.otf */,
				A289FCB128DAD689008046D1 /* SCDream4.otf */,
				A289FCAE28DAD689008046D1 /* SCDream5.otf */,
				A289FCB028DAD689008046D1 /* SCDream7.otf */,
				A289FCAF28DAD689008046D1 /* SCDream9.otf */,
			);
			path = Fonts;
			sourceTree = "<group>";
		};
		A289FCB728DB5E64008046D1 /* Base */ = {
			isa = PBXGroup;
			children = (
				A289FCB828DB5E7E008046D1 /* BaseView.swift */,
				A289FCBA28DB5EC5008046D1 /* BaseViewController.swift */,
			);
			path = Base;
			sourceTree = "<group>";
		};
		A289FCBC28DB65BD008046D1 /* SearchPlay */ = {
			isa = PBXGroup;
			children = (
				A289FCBD28DB65D4008046D1 /* SearchPlayViewController.swift */,
				A289FCC028DB65ED008046D1 /* SearchPlayView.swift */,
				A2C2635428DBBCFC00DCF778 /* SearchPlayResultTableViewCell.swift */,
				A2C2636428DCC9EB00DCF778 /* FirstSearchPlayTableViewCell.swift */,
				A2C2636628DCCCF800DCF778 /* NoSearchResultTableViewCell.swift */,
				A2C2635C28DBD22700DCF778 /* AddPlayInfoTableViewCell.swift */,
			);
			path = SearchPlay;
			sourceTree = "<group>";
		};
		A28A5F5F28D2E9F200D270E9 /* Literal */ = {
			isa = PBXGroup;
			children = (
				A28A5F6C28D2ECEC00D270E9 /* Localizable.strings */,
				A28A5F7128D2ED1900D270E9 /* InfoPlist.strings */,
			);
			path = Literal;
			sourceTree = "<group>";
		};
		A2B0343228D6F97A0066AE2D /* Data */ = {
			isa = PBXGroup;
			children = (
				A2B0343328D6F9910066AE2D /* Network */,
				A2B0344728D795CC0066AE2D /* Repository */,
			);
			path = Data;
			sourceTree = "<group>";
		};
		A2B0343328D6F9910066AE2D /* Network */ = {
			isa = PBXGroup;
			children = (
				A2B0343428D6FA410066AE2D /* KOPISAPIManager.swift */,
				A2B0343628D6FBDA0066AE2D /* Keys.swift */,
				A2B0343828D6FC1E0066AE2D /* EndPoints.swift */,
				A2B0344528D77DC90066AE2D /* PlayModel.swift */,
			);
			path = Network;
			sourceTree = "<group>";
		};
		A2B0344728D795CC0066AE2D /* Repository */ = {
			isa = PBXGroup;
			children = (
				A2B0344828D796840066AE2D /* UserPlayModel.swift */,
				A289FCA528D8CE26008046D1 /* UserPlayRepository.swift */,
			);
			path = Repository;
			sourceTree = "<group>";
		};
		A2C2636128DBECD000DCF778 /* Extension */ = {
			isa = PBXGroup;
			children = (
				A2C2636228DBECDC00DCF778 /* String+Extension.swift */,
			);
			path = Extension;
			sourceTree = "<group>";
		};
		A2C2636A28DCD6B800DCF778 /* AddWatched */ = {
			isa = PBXGroup;
			children = (
				A2C2636B28DD017700DCF778 /* AddWatchedViewController.swift */,
				A2C2636D28DD018900DCF778 /* AddWatchedView.swift */,
				A2C2636F28DD076500DCF778 /* WatchedPosterGenreTitleTableViewCell.swift */,
				A2C2637328DD17F000DCF778 /* WatchedTagsTableViewCell.swift */,
				A2C2637528DD1B5900DCF778 /* TagCollectionViewCell.swift */,
				A2C2637128DD0CE400DCF778 /* WatchedTextFieldTableViewCell.swift */,
			);
			path = AddWatched;
			sourceTree = "<group>";
		};
		A2C2637728DD2EA200DCF778 /* Tarae */ = {
			isa = PBXGroup;
			children = (
				A2C2637828DD2EB700DCF778 /* TaraeViewController.swift */,
				A2C2637A28DD2ECB00DCF778 /* TaraeView.swift */,
				A2C2637C28DD318E00DCF778 /* NoReviewTableViewCell.swift */,
				A2C2637E28DD35B000DCF778 /* TaraeReviewTableViewCell.swift */,
			);
			path = Tarae;
			sourceTree = "<group>";
		};
		A2C2638028DD6AC800DCF778 /* Onboarding */ = {
			isa = PBXGroup;
			children = (
				A2C2638228DD6AF300DCF778 /* OnboardingViewController.swift */,
				A2C2638428DD6B0800DCF778 /* OnboardingView.swift */,
				A2C2638628DD727500DCF778 /* OnboardingCollectionViewCell.swift */,
				A2C2638828DD73AD00DCF778 /* OnboardingMessage.swift */,
			);
			path = Onboarding;
			sourceTree = "<group>";
		};
		E0FE80BA029746BB9C2FAA39 /* Frameworks */ = {
			isa = PBXGroup;
			children = (
				C815EC606F5FDDC870D9410B /* Pods_YeonMuLog.framework */,
			);
			name = Frameworks;
			sourceTree = "<group>";
		};
		FE16E86CC0BF9D11BA533AF5 /* Pods */ = {
			isa = PBXGroup;
			children = (
				23A237B3F26D34579F01CCEB /* Pods-YeonMuLog.debug.xcconfig */,
				10DC435B6D8EBFA9F85295A2 /* Pods-YeonMuLog.release.xcconfig */,
			);
			path = Pods;
			sourceTree = "<group>";
		};
/* End PBXGroup section */

/* Begin PBXNativeTarget section */
		A21EDDC728D0B652006573A4 /* YeonMuLog */ = {
			isa = PBXNativeTarget;
			buildConfigurationList = A21EDDDC28D0B655006573A4 /* Build configuration list for PBXNativeTarget "YeonMuLog" */;
			buildPhases = (
				3EA1D2740939FE344B1973E2 /* [CP] Check Pods Manifest.lock */,
				A21EDDC428D0B652006573A4 /* Sources */,
				A21EDDC528D0B652006573A4 /* Frameworks */,
				A21EDDC628D0B652006573A4 /* Resources */,
				A216FACF28D4EC67009F691E /* ShellScript */,
				671AF6E433A3CB052880E0A3 /* [CP] Embed Pods Frameworks */,
			);
			buildRules = (
			);
			dependencies = (
			);
			name = YeonMuLog;
			packageProductDependencies = (
				A28A5F7328D3F6A000D270E9 /* SnapKit */,
				A28A5F7628D3F6AC00D270E9 /* Then */,
				A28A5F7928D3F6BC00D270E9 /* FSCalendar */,
				A2B0343B28D7051F0066AE2D /* Alamofire */,
				A2B0343E28D7059E0066AE2D /* Realm */,
				A2B0344028D7059E0066AE2D /* RealmSwift */,
				A2B0344328D73BD60066AE2D /* SWXMLHash */,
				A2C2635A28DBC9AD00DCF778 /* Kingfisher */,
			);
			productName = YeonMuLog;
			productReference = A21EDDC828D0B652006573A4 /* YeonMuLog.app */;
			productType = "com.apple.product-type.application";
		};
/* End PBXNativeTarget section */

/* Begin PBXProject section */
		A21EDDC028D0B652006573A4 /* Project object */ = {
			isa = PBXProject;
			attributes = {
				BuildIndependentTargetsInParallel = 1;
				LastSwiftUpdateCheck = 1340;
				LastUpgradeCheck = 1340;
				TargetAttributes = {
					A21EDDC728D0B652006573A4 = {
						CreatedOnToolsVersion = 13.4.1;
					};
				};
			};
			buildConfigurationList = A21EDDC328D0B652006573A4 /* Build configuration list for PBXProject "YeonMuLog" */;
			compatibilityVersion = "Xcode 13.0";
			developmentRegion = en;
			hasScannedForEncodings = 0;
			knownRegions = (
				en,
				Base,
				ko,
			);
			mainGroup = A21EDDBF28D0B652006573A4;
			packageReferences = (
				A28A5F7228D3F6A000D270E9 /* XCRemoteSwiftPackageReference "SnapKit" */,
				A28A5F7528D3F6AC00D270E9 /* XCRemoteSwiftPackageReference "Then" */,
				A28A5F7828D3F6BC00D270E9 /* XCRemoteSwiftPackageReference "FSCalendar" */,
				A2B0343A28D7051F0066AE2D /* XCRemoteSwiftPackageReference "Alamofire" */,
				A2B0343D28D7059E0066AE2D /* XCRemoteSwiftPackageReference "realm-swift" */,
				A2B0344228D73BD60066AE2D /* XCRemoteSwiftPackageReference "SWXMLHash" */,
				A2C2635928DBC9AD00DCF778 /* XCRemoteSwiftPackageReference "Kingfisher" */,
			);
			productRefGroup = A21EDDC928D0B652006573A4 /* Products */;
			projectDirPath = "";
			projectRoot = "";
			targets = (
				A21EDDC728D0B652006573A4 /* YeonMuLog */,
			);
		};
/* End PBXProject section */

/* Begin PBXResourcesBuildPhase section */
		A21EDDC628D0B652006573A4 /* Resources */ = {
			isa = PBXResourcesBuildPhase;
			buildActionMask = 2147483647;
			files = (
				A21EDDD828D0B655006573A4 /* LaunchScreen.storyboard in Resources */,
				A28A5F6A28D2ECEC00D270E9 /* Localizable.strings in Resources */,
				A21EDDD528D0B655006573A4 /* Assets.xcassets in Resources */,
				A289FCB328DAD689008046D1 /* SCDream5.otf in Resources */,
				A289FCA828D956DF008046D1 /* .swiftlint.yml in Resources */,
				A289FCB528DAD689008046D1 /* SCDream7.otf in Resources */,
				A289FCB628DAD689008046D1 /* SCDream4.otf in Resources */,
				A289FCB428DAD689008046D1 /* SCDream9.otf in Resources */,
				A289FCB228DAD689008046D1 /* SCDream2.otf in Resources */,
				A21EDDD328D0B652006573A4 /* Main.storyboard in Resources */,
				A28A5F7E28D3F94D00D270E9 /* .gitignore in Resources */,
				A28A5F6F28D2ED1900D270E9 /* InfoPlist.strings in Resources */,
			);
			runOnlyForDeploymentPostprocessing = 0;
		};
/* End PBXResourcesBuildPhase section */

/* Begin PBXShellScriptBuildPhase section */
		3EA1D2740939FE344B1973E2 /* [CP] Check Pods Manifest.lock */ = {
			isa = PBXShellScriptBuildPhase;
			buildActionMask = 2147483647;
			files = (
			);
			inputFileListPaths = (
			);
			inputPaths = (
				"${PODS_PODFILE_DIR_PATH}/Podfile.lock",
				"${PODS_ROOT}/Manifest.lock",
			);
			name = "[CP] Check Pods Manifest.lock";
			outputFileListPaths = (
			);
			outputPaths = (
				"$(DERIVED_FILE_DIR)/Pods-YeonMuLog-checkManifestLockResult.txt",
			);
			runOnlyForDeploymentPostprocessing = 0;
			shellPath = /bin/sh;
			shellScript = "diff \"${PODS_PODFILE_DIR_PATH}/Podfile.lock\" \"${PODS_ROOT}/Manifest.lock\" > /dev/null\nif [ $? != 0 ] ; then\n    # print error to STDERR\n    echo \"error: The sandbox is not in sync with the Podfile.lock. Run 'pod install' or update your CocoaPods installation.\" >&2\n    exit 1\nfi\n# This output is used by Xcode 'outputs' to avoid re-running this script phase.\necho \"SUCCESS\" > \"${SCRIPT_OUTPUT_FILE_0}\"\n";
			showEnvVarsInLog = 0;
		};
		671AF6E433A3CB052880E0A3 /* [CP] Embed Pods Frameworks */ = {
			isa = PBXShellScriptBuildPhase;
			buildActionMask = 2147483647;
			files = (
			);
			inputFileListPaths = (
				"${PODS_ROOT}/Target Support Files/Pods-YeonMuLog/Pods-YeonMuLog-frameworks-${CONFIGURATION}-input-files.xcfilelist",
			);
			name = "[CP] Embed Pods Frameworks";
			outputFileListPaths = (
				"${PODS_ROOT}/Target Support Files/Pods-YeonMuLog/Pods-YeonMuLog-frameworks-${CONFIGURATION}-output-files.xcfilelist",
			);
			runOnlyForDeploymentPostprocessing = 0;
			shellPath = /bin/sh;
			shellScript = "\"${PODS_ROOT}/Target Support Files/Pods-YeonMuLog/Pods-YeonMuLog-frameworks.sh\"\n";
			showEnvVarsInLog = 0;
		};
		A216FACF28D4EC67009F691E /* ShellScript */ = {
			isa = PBXShellScriptBuildPhase;
			buildActionMask = 2147483647;
			files = (
			);
			inputFileListPaths = (
			);
			inputPaths = (
			);
			outputFileListPaths = (
			);
			outputPaths = (
			);
			runOnlyForDeploymentPostprocessing = 0;
			shellPath = /bin/sh;
			shellScript = "\"${PODS_ROOT}/SwiftLint/swiftlint\"\n";
		};
/* End PBXShellScriptBuildPhase section */

/* Begin PBXSourcesBuildPhase section */
		A21EDDC428D0B652006573A4 /* Sources */ = {
			isa = PBXSourcesBuildPhase;
			buildActionMask = 2147483647;
			files = (
				A21EDDD028D0B652006573A4 /* ViewController.swift in Sources */,
				A2B0344628D77DC90066AE2D /* PlayModel.swift in Sources */,
				A2C2637628DD1B5900DCF778 /* TagCollectionViewCell.swift in Sources */,
				A2C2638728DD727500DCF778 /* OnboardingCollectionViewCell.swift in Sources */,
				A21EDDCC28D0B652006573A4 /* AppDelegate.swift in Sources */,
				A2C2637428DD17F000DCF778 /* WatchedTagsTableViewCell.swift in Sources */,
				A21EDDCE28D0B652006573A4 /* SceneDelegate.swift in Sources */,
				A2C2636728DCCCF800DCF778 /* NoSearchResultTableViewCell.swift in Sources */,
				A2C2638328DD6AF300DCF778 /* OnboardingViewController.swift in Sources */,
				A2B0344928D796840066AE2D /* UserPlayModel.swift in Sources */,
				A2C2637F28DD35B000DCF778 /* TaraeReviewTableViewCell.swift in Sources */,
				A2C2637D28DD318E00DCF778 /* NoReviewTableViewCell.swift in Sources */,
				A289FCBB28DB5EC5008046D1 /* BaseViewController.swift in Sources */,
				A2B0343528D6FA410066AE2D /* KOPISAPIManager.swift in Sources */,
				A2C2635D28DBD22700DCF778 /* AddPlayInfoTableViewCell.swift in Sources */,
				A2C2636328DBECDC00DCF778 /* String+Extension.swift in Sources */,
				A2B0343928D6FC1E0066AE2D /* EndPoints.swift in Sources */,
				A2C2638928DD73AD00DCF778 /* OnboardingMessage.swift in Sources */,
				A289FCA628D8CE26008046D1 /* UserPlayRepository.swift in Sources */,
				A2B0343728D6FBDA0066AE2D /* Keys.swift in Sources */,
				A2C2636E28DD018900DCF778 /* AddWatchedView.swift in Sources */,
				A2C2636528DCC9EB00DCF778 /* FirstSearchPlayTableViewCell.swift in Sources */,
				A2C2638528DD6B0800DCF778 /* OnboardingView.swift in Sources */,
				A289FCB928DB5E7E008046D1 /* BaseView.swift in Sources */,
				A2C2637928DD2EB700DCF778 /* TaraeViewController.swift in Sources */,
				A2C2637228DD0CE400DCF778 /* WatchedTextFieldTableViewCell.swift in Sources */,
				A2C2637028DD076500DCF778 /* WatchedPosterGenreTitleTableViewCell.swift in Sources */,
				A2C2635528DBBCFC00DCF778 /* SearchPlayResultTableViewCell.swift in Sources */,
				A289FCAB28DACCEF008046D1 /* setFonts.swift in Sources */,
				A23716CD28E0A193004E9FE6 /* TaraeDetailView.swift in Sources */,
				A2C2636C28DD017700DCF778 /* AddWatchedViewController.swift in Sources */,
				A289FCC128DB65ED008046D1 /* SearchPlayView.swift in Sources */,
				A23716CB28E0A144004E9FE6 /* TaraeDetailViewController.swift in Sources */,
				A289FCBE28DB65D4008046D1 /* SearchPlayViewController.swift in Sources */,
				A2C2637B28DD2ECB00DCF778 /* TaraeView.swift in Sources */,
			);
			runOnlyForDeploymentPostprocessing = 0;
		};
/* End PBXSourcesBuildPhase section */

/* Begin PBXVariantGroup section */
		A21EDDD128D0B652006573A4 /* Main.storyboard */ = {
			isa = PBXVariantGroup;
			children = (
				A21EDDD228D0B652006573A4 /* Base */,
				A28A5F6728D2ECCB00D270E9 /* ko */,
			);
			name = Main.storyboard;
			sourceTree = "<group>";
		};
		A21EDDD628D0B655006573A4 /* LaunchScreen.storyboard */ = {
			isa = PBXVariantGroup;
			children = (
				A21EDDD728D0B655006573A4 /* Base */,
				A2C2636928DCD37300DCF778 /* ko */,
			);
			name = LaunchScreen.storyboard;
			sourceTree = "<group>";
		};
		A28A5F6C28D2ECEC00D270E9 /* Localizable.strings */ = {
			isa = PBXVariantGroup;
			children = (
				A28A5F6B28D2ECEC00D270E9 /* ko */,
			);
			name = Localizable.strings;
			sourceTree = "<group>";
		};
		A28A5F7128D2ED1900D270E9 /* InfoPlist.strings */ = {
			isa = PBXVariantGroup;
			children = (
				A28A5F7028D2ED1900D270E9 /* ko */,
			);
			name = InfoPlist.strings;
			sourceTree = "<group>";
		};
/* End PBXVariantGroup section */

/* Begin XCBuildConfiguration section */
		A21EDDDA28D0B655006573A4 /* Debug */ = {
			isa = XCBuildConfiguration;
			buildSettings = {
				ALWAYS_SEARCH_USER_PATHS = NO;
				CLANG_ANALYZER_LOCALIZABILITY_NONLOCALIZED = YES;
				CLANG_ANALYZER_NONNULL = YES;
				CLANG_ANALYZER_NUMBER_OBJECT_CONVERSION = YES_AGGRESSIVE;
				CLANG_CXX_LANGUAGE_STANDARD = "gnu++17";
				CLANG_ENABLE_MODULES = YES;
				CLANG_ENABLE_OBJC_ARC = YES;
				CLANG_ENABLE_OBJC_WEAK = YES;
				CLANG_WARN_BLOCK_CAPTURE_AUTORELEASING = YES;
				CLANG_WARN_BOOL_CONVERSION = YES;
				CLANG_WARN_COMMA = YES;
				CLANG_WARN_CONSTANT_CONVERSION = YES;
				CLANG_WARN_DEPRECATED_OBJC_IMPLEMENTATIONS = YES;
				CLANG_WARN_DIRECT_OBJC_ISA_USAGE = YES_ERROR;
				CLANG_WARN_DOCUMENTATION_COMMENTS = YES;
				CLANG_WARN_EMPTY_BODY = YES;
				CLANG_WARN_ENUM_CONVERSION = YES;
				CLANG_WARN_INFINITE_RECURSION = YES;
				CLANG_WARN_INT_CONVERSION = YES;
				CLANG_WARN_NON_LITERAL_NULL_CONVERSION = YES;
				CLANG_WARN_OBJC_IMPLICIT_RETAIN_SELF = YES;
				CLANG_WARN_OBJC_LITERAL_CONVERSION = YES;
				CLANG_WARN_OBJC_ROOT_CLASS = YES_ERROR;
				CLANG_WARN_QUOTED_INCLUDE_IN_FRAMEWORK_HEADER = YES;
				CLANG_WARN_RANGE_LOOP_ANALYSIS = YES;
				CLANG_WARN_STRICT_PROTOTYPES = YES;
				CLANG_WARN_SUSPICIOUS_MOVE = YES;
				CLANG_WARN_UNGUARDED_AVAILABILITY = YES_AGGRESSIVE;
				CLANG_WARN_UNREACHABLE_CODE = YES;
				CLANG_WARN__DUPLICATE_METHOD_MATCH = YES;
				COPY_PHASE_STRIP = NO;
				DEBUG_INFORMATION_FORMAT = dwarf;
				ENABLE_STRICT_OBJC_MSGSEND = YES;
				ENABLE_TESTABILITY = YES;
				GCC_C_LANGUAGE_STANDARD = gnu11;
				GCC_DYNAMIC_NO_PIC = NO;
				GCC_NO_COMMON_BLOCKS = YES;
				GCC_OPTIMIZATION_LEVEL = 0;
				GCC_PREPROCESSOR_DEFINITIONS = (
					"DEBUG=1",
					"$(inherited)",
				);
				GCC_WARN_64_TO_32_BIT_CONVERSION = YES;
				GCC_WARN_ABOUT_RETURN_TYPE = YES_ERROR;
				GCC_WARN_UNDECLARED_SELECTOR = YES;
				GCC_WARN_UNINITIALIZED_AUTOS = YES_AGGRESSIVE;
				GCC_WARN_UNUSED_FUNCTION = YES;
				GCC_WARN_UNUSED_VARIABLE = YES;
				IPHONEOS_DEPLOYMENT_TARGET = 15.0;
				MTL_ENABLE_DEBUG_INFO = INCLUDE_SOURCE;
				MTL_FAST_MATH = YES;
				ONLY_ACTIVE_ARCH = YES;
				SDKROOT = iphoneos;
				SWIFT_ACTIVE_COMPILATION_CONDITIONS = DEBUG;
				SWIFT_OPTIMIZATION_LEVEL = "-Onone";
			};
			name = Debug;
		};
		A21EDDDB28D0B655006573A4 /* Release */ = {
			isa = XCBuildConfiguration;
			buildSettings = {
				ALWAYS_SEARCH_USER_PATHS = NO;
				CLANG_ANALYZER_LOCALIZABILITY_NONLOCALIZED = YES;
				CLANG_ANALYZER_NONNULL = YES;
				CLANG_ANALYZER_NUMBER_OBJECT_CONVERSION = YES_AGGRESSIVE;
				CLANG_CXX_LANGUAGE_STANDARD = "gnu++17";
				CLANG_ENABLE_MODULES = YES;
				CLANG_ENABLE_OBJC_ARC = YES;
				CLANG_ENABLE_OBJC_WEAK = YES;
				CLANG_WARN_BLOCK_CAPTURE_AUTORELEASING = YES;
				CLANG_WARN_BOOL_CONVERSION = YES;
				CLANG_WARN_COMMA = YES;
				CLANG_WARN_CONSTANT_CONVERSION = YES;
				CLANG_WARN_DEPRECATED_OBJC_IMPLEMENTATIONS = YES;
				CLANG_WARN_DIRECT_OBJC_ISA_USAGE = YES_ERROR;
				CLANG_WARN_DOCUMENTATION_COMMENTS = YES;
				CLANG_WARN_EMPTY_BODY = YES;
				CLANG_WARN_ENUM_CONVERSION = YES;
				CLANG_WARN_INFINITE_RECURSION = YES;
				CLANG_WARN_INT_CONVERSION = YES;
				CLANG_WARN_NON_LITERAL_NULL_CONVERSION = YES;
				CLANG_WARN_OBJC_IMPLICIT_RETAIN_SELF = YES;
				CLANG_WARN_OBJC_LITERAL_CONVERSION = YES;
				CLANG_WARN_OBJC_ROOT_CLASS = YES_ERROR;
				CLANG_WARN_QUOTED_INCLUDE_IN_FRAMEWORK_HEADER = YES;
				CLANG_WARN_RANGE_LOOP_ANALYSIS = YES;
				CLANG_WARN_STRICT_PROTOTYPES = YES;
				CLANG_WARN_SUSPICIOUS_MOVE = YES;
				CLANG_WARN_UNGUARDED_AVAILABILITY = YES_AGGRESSIVE;
				CLANG_WARN_UNREACHABLE_CODE = YES;
				CLANG_WARN__DUPLICATE_METHOD_MATCH = YES;
				COPY_PHASE_STRIP = NO;
				DEBUG_INFORMATION_FORMAT = "dwarf-with-dsym";
				ENABLE_NS_ASSERTIONS = NO;
				ENABLE_STRICT_OBJC_MSGSEND = YES;
				GCC_C_LANGUAGE_STANDARD = gnu11;
				GCC_NO_COMMON_BLOCKS = YES;
				GCC_WARN_64_TO_32_BIT_CONVERSION = YES;
				GCC_WARN_ABOUT_RETURN_TYPE = YES_ERROR;
				GCC_WARN_UNDECLARED_SELECTOR = YES;
				GCC_WARN_UNINITIALIZED_AUTOS = YES_AGGRESSIVE;
				GCC_WARN_UNUSED_FUNCTION = YES;
				GCC_WARN_UNUSED_VARIABLE = YES;
				IPHONEOS_DEPLOYMENT_TARGET = 15.0;
				MTL_ENABLE_DEBUG_INFO = NO;
				MTL_FAST_MATH = YES;
				SDKROOT = iphoneos;
				SWIFT_COMPILATION_MODE = wholemodule;
				SWIFT_OPTIMIZATION_LEVEL = "-O";
				VALIDATE_PRODUCT = YES;
			};
			name = Release;
		};
		A21EDDDD28D0B655006573A4 /* Debug */ = {
			isa = XCBuildConfiguration;
			baseConfigurationReference = 23A237B3F26D34579F01CCEB /* Pods-YeonMuLog.debug.xcconfig */;
			buildSettings = {
				ASSETCATALOG_COMPILER_APPICON_NAME = AppIcon;
				ASSETCATALOG_COMPILER_GLOBAL_ACCENT_COLOR_NAME = AccentColor;
				CODE_SIGN_STYLE = Automatic;
				CURRENT_PROJECT_VERSION = 1;
				DEVELOPMENT_TEAM = F7B353LPM3;
				GENERATE_INFOPLIST_FILE = YES;
				INFOPLIST_FILE = YeonMuLog/Info.plist;
				INFOPLIST_KEY_UIApplicationSupportsIndirectInputEvents = YES;
				INFOPLIST_KEY_UILaunchStoryboardName = LaunchScreen;
				INFOPLIST_KEY_UIMainStoryboardFile = Main;
				INFOPLIST_KEY_UISupportedInterfaceOrientations_iPad = "UIInterfaceOrientationPortrait UIInterfaceOrientationPortraitUpsideDown UIInterfaceOrientationLandscapeLeft UIInterfaceOrientationLandscapeRight";
				INFOPLIST_KEY_UISupportedInterfaceOrientations_iPhone = "UIInterfaceOrientationPortrait UIInterfaceOrientationLandscapeLeft UIInterfaceOrientationLandscapeRight";
				LD_RUNPATH_SEARCH_PATHS = (
					"$(inherited)",
					"@executable_path/Frameworks",
				);
				MARKETING_VERSION = 1.0;
				PRODUCT_BUNDLE_IDENTIFIER = com.kimdee.YeonMuLog;
				PRODUCT_NAME = "$(TARGET_NAME)";
				SWIFT_EMIT_LOC_STRINGS = YES;
				SWIFT_VERSION = 5.0;
				TARGETED_DEVICE_FAMILY = 1;
			};
			name = Debug;
		};
		A21EDDDE28D0B655006573A4 /* Release */ = {
			isa = XCBuildConfiguration;
			baseConfigurationReference = 10DC435B6D8EBFA9F85295A2 /* Pods-YeonMuLog.release.xcconfig */;
			buildSettings = {
				ASSETCATALOG_COMPILER_APPICON_NAME = AppIcon;
				ASSETCATALOG_COMPILER_GLOBAL_ACCENT_COLOR_NAME = AccentColor;
				CODE_SIGN_STYLE = Automatic;
				CURRENT_PROJECT_VERSION = 1;
				DEVELOPMENT_TEAM = F7B353LPM3;
				GENERATE_INFOPLIST_FILE = YES;
				INFOPLIST_FILE = YeonMuLog/Info.plist;
				INFOPLIST_KEY_UIApplicationSupportsIndirectInputEvents = YES;
				INFOPLIST_KEY_UILaunchStoryboardName = LaunchScreen;
				INFOPLIST_KEY_UIMainStoryboardFile = Main;
				INFOPLIST_KEY_UISupportedInterfaceOrientations_iPad = "UIInterfaceOrientationPortrait UIInterfaceOrientationPortraitUpsideDown UIInterfaceOrientationLandscapeLeft UIInterfaceOrientationLandscapeRight";
				INFOPLIST_KEY_UISupportedInterfaceOrientations_iPhone = "UIInterfaceOrientationPortrait UIInterfaceOrientationLandscapeLeft UIInterfaceOrientationLandscapeRight";
				LD_RUNPATH_SEARCH_PATHS = (
					"$(inherited)",
					"@executable_path/Frameworks",
				);
				MARKETING_VERSION = 1.0;
				PRODUCT_BUNDLE_IDENTIFIER = com.kimdee.YeonMuLog;
				PRODUCT_NAME = "$(TARGET_NAME)";
				SWIFT_EMIT_LOC_STRINGS = YES;
				SWIFT_VERSION = 5.0;
				TARGETED_DEVICE_FAMILY = 1;
			};
			name = Release;
		};
/* End XCBuildConfiguration section */

/* Begin XCConfigurationList section */
		A21EDDC328D0B652006573A4 /* Build configuration list for PBXProject "YeonMuLog" */ = {
			isa = XCConfigurationList;
			buildConfigurations = (
				A21EDDDA28D0B655006573A4 /* Debug */,
				A21EDDDB28D0B655006573A4 /* Release */,
			);
			defaultConfigurationIsVisible = 0;
			defaultConfigurationName = Release;
		};
		A21EDDDC28D0B655006573A4 /* Build configuration list for PBXNativeTarget "YeonMuLog" */ = {
			isa = XCConfigurationList;
			buildConfigurations = (
				A21EDDDD28D0B655006573A4 /* Debug */,
				A21EDDDE28D0B655006573A4 /* Release */,
			);
			defaultConfigurationIsVisible = 0;
			defaultConfigurationName = Release;
		};
/* End XCConfigurationList section */

/* Begin XCRemoteSwiftPackageReference section */
		A28A5F7228D3F6A000D270E9 /* XCRemoteSwiftPackageReference "SnapKit" */ = {
			isa = XCRemoteSwiftPackageReference;
			repositoryURL = "https://github.com/SnapKit/SnapKit";
			requirement = {
				kind = upToNextMajorVersion;
				minimumVersion = 5.0.0;
			};
		};
		A28A5F7528D3F6AC00D270E9 /* XCRemoteSwiftPackageReference "Then" */ = {
			isa = XCRemoteSwiftPackageReference;
			repositoryURL = "https://github.com/devxoul/Then";
			requirement = {
				kind = upToNextMajorVersion;
				minimumVersion = 3.0.0;
			};
		};
		A28A5F7828D3F6BC00D270E9 /* XCRemoteSwiftPackageReference "FSCalendar" */ = {
			isa = XCRemoteSwiftPackageReference;
			repositoryURL = "https://github.com/WenchaoD/FSCalendar";
			requirement = {
				kind = upToNextMajorVersion;
				minimumVersion = 2.0.0;
			};
		};
		A2B0343A28D7051F0066AE2D /* XCRemoteSwiftPackageReference "Alamofire" */ = {
			isa = XCRemoteSwiftPackageReference;
			repositoryURL = "https://github.com/Alamofire/Alamofire";
			requirement = {
				kind = upToNextMajorVersion;
				minimumVersion = 5.0.0;
			};
		};
		A2B0343D28D7059E0066AE2D /* XCRemoteSwiftPackageReference "realm-swift" */ = {
			isa = XCRemoteSwiftPackageReference;
			repositoryURL = "https://github.com/realm/realm-swift";
			requirement = {
				kind = upToNextMajorVersion;
				minimumVersion = 10.0.0;
			};
		};
		A2B0344228D73BD60066AE2D /* XCRemoteSwiftPackageReference "SWXMLHash" */ = {
			isa = XCRemoteSwiftPackageReference;
			repositoryURL = "https://github.com/drmohundro/SWXMLHash";
			requirement = {
				kind = upToNextMajorVersion;
				minimumVersion = 7.0.0;
			};
		};
		A2C2635928DBC9AD00DCF778 /* XCRemoteSwiftPackageReference "Kingfisher" */ = {
			isa = XCRemoteSwiftPackageReference;
			repositoryURL = "https://github.com/onevcat/Kingfisher";
			requirement = {
				kind = upToNextMajorVersion;
				minimumVersion = 7.0.0;
			};
		};
/* End XCRemoteSwiftPackageReference section */

/* Begin XCSwiftPackageProductDependency section */
		A28A5F7328D3F6A000D270E9 /* SnapKit */ = {
			isa = XCSwiftPackageProductDependency;
			package = A28A5F7228D3F6A000D270E9 /* XCRemoteSwiftPackageReference "SnapKit" */;
			productName = SnapKit;
		};
		A28A5F7628D3F6AC00D270E9 /* Then */ = {
			isa = XCSwiftPackageProductDependency;
			package = A28A5F7528D3F6AC00D270E9 /* XCRemoteSwiftPackageReference "Then" */;
			productName = Then;
		};
		A28A5F7928D3F6BC00D270E9 /* FSCalendar */ = {
			isa = XCSwiftPackageProductDependency;
			package = A28A5F7828D3F6BC00D270E9 /* XCRemoteSwiftPackageReference "FSCalendar" */;
			productName = FSCalendar;
		};
		A2B0343B28D7051F0066AE2D /* Alamofire */ = {
			isa = XCSwiftPackageProductDependency;
			package = A2B0343A28D7051F0066AE2D /* XCRemoteSwiftPackageReference "Alamofire" */;
			productName = Alamofire;
		};
		A2B0343E28D7059E0066AE2D /* Realm */ = {
			isa = XCSwiftPackageProductDependency;
			package = A2B0343D28D7059E0066AE2D /* XCRemoteSwiftPackageReference "realm-swift" */;
			productName = Realm;
		};
		A2B0344028D7059E0066AE2D /* RealmSwift */ = {
			isa = XCSwiftPackageProductDependency;
			package = A2B0343D28D7059E0066AE2D /* XCRemoteSwiftPackageReference "realm-swift" */;
			productName = RealmSwift;
		};
		A2B0344328D73BD60066AE2D /* SWXMLHash */ = {
			isa = XCSwiftPackageProductDependency;
			package = A2B0344228D73BD60066AE2D /* XCRemoteSwiftPackageReference "SWXMLHash" */;
			productName = SWXMLHash;
		};
		A2C2635A28DBC9AD00DCF778 /* Kingfisher */ = {
			isa = XCSwiftPackageProductDependency;
			package = A2C2635928DBC9AD00DCF778 /* XCRemoteSwiftPackageReference "Kingfisher" */;
			productName = Kingfisher;
		};
/* End XCSwiftPackageProductDependency section */
	};
	rootObject = A21EDDC028D0B652006573A4 /* Project object */;
}
